
Microsoft Visual Studio Solution File, Format Version 12.00
# Visual Studio Version 16
VisualStudioVersion = 16.0.31313.79
MinimumVisualStudioVersion = 10.0.40219.1
Project("{FAE04EC0-301F-11D3-BF4B-00C04F79EFBC}") = "curso.api", "curso.api\curso.api.csproj", "{19108793-8B24-49F2-BAAE-34D603B6DB5C}"
EndProject
Global
	GlobalSection(SolutionConfigurationPlatforms) = preSolution
		Debug|Any CPU = Debug|Any CPU
		Release|Any CPU = Release|Any CPU
	EndGlobalSection
	GlobalSection(ProjectConfigurationPlatforms) = postSolution
		{19108793-8B24-49F2-BAAE-34D603B6DB5C}.Debug|Any CPU.ActiveCfg = Debug|Any CPU
		{19108793-8B24-49F2-BAAE-34D603B6DB5C}.Debug|Any CPU.Build.0 = Debug|Any CPU
		{19108793-8B24-49F2-BAAE-34D603B6DB5C}.Release|Any CPU.ActiveCfg = Release|Any CPU
		{19108793-8B24-49F2-BAAE-34D603B6DB5C}.Release|Any CPU.Build.0 = Release|Any CPU
	EndGlobalSection
	GlobalSection(SolutionProperties) = preSolution
		HideSolutionNode = FALSE
	EndGlobalSection
	GlobalSection(ExtensibilityGlobals) = postSolution
		SolutionGuid = {93D0B33E-1828-4642-9B36-9C3D0E221C7B}
	EndGlobalSection
EndGlobal
